{
  "name": "ArmadaLegacyWeb",
  "lockfileVersion": 2,
  "requires": true,
  "packages": {
    "": {
      "dependencies": {
        "next-js": "^0.9.0-alpha"
      }
    },
    "node_modules/next-js": {
      "version": "0.9.0-alpha",
      "resolved": "https://registry.npmjs.org/next-js/-/next-js-0.9.0-alpha.tgz",
      "integrity": "sha512-kTsyhgF613KrNTAlMlzdl/SmXEednlPQgqfd/UdQ6DM7zSCxJLnU3lIxOV3sOnLwhXOmLzqztNyifB9KLOozwg==",
      "engines": {
        "node": ">= 0.6.12"
      }
    }
  },
  "dependencies": {
    "next-js": {
      "version": "0.9.0-alpha",
      "resolved": "https://registry.npmjs.org/next-js/-/next-js-0.9.0-alpha.tgz",
      "integrity": "sha512-kTsyhgF613KrNTAlMlzdl/SmXEednlPQgqfd/UdQ6DM7zSCxJLnU3lIxOV3sOnLwhXOmLzqztNyifB9KLOozwg=="
    }
  }
}
